// !$*UTF8*$!
{
	archiveVersion = 1;
	classes = {
	};
	objectVersion = 56;
	objects = {

/* Begin PBXBuildFile section */
		0287857729981919001BE7A8 /* TicTacToeGame.swift in Sources */ = {isa = PBXBuildFile; fileRef = 0287857629981919001BE7A8 /* TicTacToeGame.swift */; };
		0287857A2998193A001BE7A8 /* Line.swift in Sources */ = {isa = PBXBuildFile; fileRef = 028785792998193A001BE7A8 /* Line.swift */; };
		0287857E29981FCD001BE7A8 /* TicTacToe.swift in Sources */ = {isa = PBXBuildFile; fileRef = 0287857D29981FCD001BE7A8 /* TicTacToe.swift */; };
		028785812998202E001BE7A8 /* GamePiece.swift in Sources */ = {isa = PBXBuildFile; fileRef = 028785802998202E001BE7A8 /* GamePiece.swift */; };
		02C13FB529660F230038FD8E /* TicTacToeApp.swift in Sources */ = {isa = PBXBuildFile; fileRef = 02C13FB429660F230038FD8E /* TicTacToeApp.swift */; };
		02C13FB729660F230038FD8E /* HomeScreenView.swift in Sources */ = {isa = PBXBuildFile; fileRef = 02C13FB629660F230038FD8E /* HomeScreenView.swift */; };
		02C13FB929660F240038FD8E /* Assets.xcassets in Resources */ = {isa = PBXBuildFile; fileRef = 02C13FB829660F240038FD8E /* Assets.xcassets */; };
		02C13FBC29660F240038FD8E /* Preview Assets.xcassets in Resources */ = {isa = PBXBuildFile; fileRef = 02C13FBB29660F240038FD8E /* Preview Assets.xcassets */; };
		02C13FC729660F240038FD8E /* TicTacToeTests.swift in Sources */ = {isa = PBXBuildFile; fileRef = 02C13FC629660F240038FD8E /* TicTacToeTests.swift */; };
		02C13FD129660F240038FD8E /* TicTacToeUITests.swift in Sources */ = {isa = PBXBuildFile; fileRef = 02C13FD029660F240038FD8E /* TicTacToeUITests.swift */; };
		02C13FD329660F240038FD8E /* TicTacToeUITestsLaunchTests.swift in Sources */ = {isa = PBXBuildFile; fileRef = 02C13FD229660F240038FD8E /* TicTacToeUITestsLaunchTests.swift */; };
		02C13FE0296611CF0038FD8E /* PlayerScreen.swift in Sources */ = {isa = PBXBuildFile; fileRef = 02C13FDF296611CF0038FD8E /* PlayerScreen.swift */; };
/* End PBXBuildFile section */

/* Begin PBXContainerItemProxy section */
		02C13FC329660F240038FD8E /* PBXContainerItemProxy */ = {
			isa = PBXContainerItemProxy;
			containerPortal = 02C13FA929660F230038FD8E /* Project object */;
			proxyType = 1;
			remoteGlobalIDString = 02C13FB029660F230038FD8E;
			remoteInfo = TicTacToe;
		};
		02C13FCD29660F240038FD8E /* PBXContainerItemProxy */ = {
			isa = PBXContainerItemProxy;
			containerPortal = 02C13FA929660F230038FD8E /* Project object */;
			proxyType = 1;
			remoteGlobalIDString = 02C13FB029660F230038FD8E;
			remoteInfo = TicTacToe;
		};
/* End PBXContainerItemProxy section */

/* Begin PBXFileReference section */
		0287857629981919001BE7A8 /* TicTacToeGame.swift */ = {isa = PBXFileReference; lastKnownFileType = sourcecode.swift; path = TicTacToeGame.swift; sourceTree = "<group>"; };
		028785792998193A001BE7A8 /* Line.swift */ = {isa = PBXFileReference; lastKnownFileType = sourcecode.swift; path = Line.swift; sourceTree = "<group>"; };
		0287857D29981FCD001BE7A8 /* TicTacToe.swift */ = {isa = PBXFileReference; lastKnownFileType = sourcecode.swift; path = TicTacToe.swift; sourceTree = "<group>"; };
		028785802998202E001BE7A8 /* GamePiece.swift */ = {isa = PBXFileReference; lastKnownFileType = sourcecode.swift; path = GamePiece.swift; sourceTree = "<group>"; };
		02C13FB129660F230038FD8E /* TicTacToe.app */ = {isa = PBXFileReference; explicitFileType = wrapper.application; includeInIndex = 0; path = TicTacToe.app; sourceTree = BUILT_PRODUCTS_DIR; };
		02C13FB429660F230038FD8E /* TicTacToeApp.swift */ = {isa = PBXFileReference; lastKnownFileType = sourcecode.swift; path = TicTacToeApp.swift; sourceTree = "<group>"; };
		02C13FB629660F230038FD8E /* HomeScreenView.swift */ = {isa = PBXFileReference; lastKnownFileType = sourcecode.swift; path = HomeScreenView.swift; sourceTree = "<group>"; };
		02C13FB829660F240038FD8E /* Assets.xcassets */ = {isa = PBXFileReference; lastKnownFileType = folder.assetcatalog; path = Assets.xcassets; sourceTree = "<group>"; };
		02C13FBB29660F240038FD8E /* Preview Assets.xcassets */ = {isa = PBXFileReference; lastKnownFileType = folder.assetcatalog; path = "Preview Assets.xcassets"; sourceTree = "<group>"; };
		02C13FBD29660F240038FD8E /* TicTacToe.entitlements */ = {isa = PBXFileReference; lastKnownFileType = text.plist.entitlements; path = TicTacToe.entitlements; sourceTree = "<group>"; };
		02C13FC229660F240038FD8E /* TicTacToeTests.xctest */ = {isa = PBXFileReference; explicitFileType = wrapper.cfbundle; includeInIndex = 0; path = TicTacToeTests.xctest; sourceTree = BUILT_PRODUCTS_DIR; };
		02C13FC629660F240038FD8E /* TicTacToeTests.swift */ = {isa = PBXFileReference; lastKnownFileType = sourcecode.swift; path = TicTacToeTests.swift; sourceTree = "<group>"; };
		02C13FCC29660F240038FD8E /* TicTacToeUITests.xctest */ = {isa = PBXFileReference; explicitFileType = wrapper.cfbundle; includeInIndex = 0; path = TicTacToeUITests.xctest; sourceTree = BUILT_PRODUCTS_DIR; };
		02C13FD029660F240038FD8E /* TicTacToeUITests.swift */ = {isa = PBXFileReference; lastKnownFileType = sourcecode.swift; path = TicTacToeUITests.swift; sourceTree = "<group>"; };
		02C13FD229660F240038FD8E /* TicTacToeUITestsLaunchTests.swift */ = {isa = PBXFileReference; lastKnownFileType = sourcecode.swift; path = TicTacToeUITestsLaunchTests.swift; sourceTree = "<group>"; };
		02C13FDF296611CF0038FD8E /* PlayerScreen.swift */ = {isa = PBXFileReference; lastKnownFileType = sourcecode.swift; path = PlayerScreen.swift; sourceTree = "<group>"; };
/* End PBXFileReference section */

/* Begin PBXFrameworksBuildPhase section */
		02C13FAE29660F230038FD8E /* Frameworks */ = {
			isa = PBXFrameworksBuildPhase;
			buildActionMask = 2147483647;
			files = (
			);
			runOnlyForDeploymentPostprocessing = 0;
		};
		02C13FBF29660F240038FD8E /* Frameworks */ = {
			isa = PBXFrameworksBuildPhase;
			buildActionMask = 2147483647;
			files = (
			);
			runOnlyForDeploymentPostprocessing = 0;
		};
		02C13FC929660F240038FD8E /* Frameworks */ = {
			isa = PBXFrameworksBuildPhase;
			buildActionMask = 2147483647;
			files = (
			);
			runOnlyForDeploymentPostprocessing = 0;
		};
/* End PBXFrameworksBuildPhase section */

/* Begin PBXGroup section */
		028785782998192D001BE7A8 /* ViewTools */ = {
			isa = PBXGroup;
			children = (
				028785792998193A001BE7A8 /* Line.swift */,
			);
			path = ViewTools;
			sourceTree = "<group>";
		};
		0287857B29981FB8001BE7A8 /* Models */ = {
			isa = PBXGroup;
			children = (
				0287857D29981FCD001BE7A8 /* TicTacToe.swift */,
				028785802998202E001BE7A8 /* GamePiece.swift */,
			);
			path = Models;
			sourceTree = "<group>";
		};
		02C13FA829660F230038FD8E = {
			isa = PBXGroup;
			children = (
				02C13FB329660F230038FD8E /* TicTacToe */,
				02C13FC529660F240038FD8E /* TicTacToeTests */,
				02C13FCF29660F240038FD8E /* TicTacToeUITests */,
				02C13FB229660F230038FD8E /* Products */,
			);
			sourceTree = "<group>";
		};
		02C13FB229660F230038FD8E /* Products */ = {
			isa = PBXGroup;
			children = (
				02C13FB129660F230038FD8E /* TicTacToe.app */,
				02C13FC229660F240038FD8E /* TicTacToeTests.xctest */,
				02C13FCC29660F240038FD8E /* TicTacToeUITests.xctest */,
			);
			name = Products;
			sourceTree = "<group>";
		};
		02C13FB329660F230038FD8E /* TicTacToe */ = {
			isa = PBXGroup;
			children = (
				02C13FB429660F230038FD8E /* TicTacToeApp.swift */,
				0287857B29981FB8001BE7A8 /* Models */,
				02C13FB629660F230038FD8E /* HomeScreenView.swift */,
				02C13FDF296611CF0038FD8E /* PlayerScreen.swift */,
				0287857629981919001BE7A8 /* TicTacToeGame.swift */,
				028785782998192D001BE7A8 /* ViewTools */,
				02C13FB829660F240038FD8E /* Assets.xcassets */,
				02C13FBD29660F240038FD8E /* TicTacToe.entitlements */,
				02C13FBA29660F240038FD8E /* Preview Content */,
			);
			path = TicTacToe;
			sourceTree = "<group>";
		};
		02C13FBA29660F240038FD8E /* Preview Content */ = {
			isa = PBXGroup;
			children = (
				02C13FBB29660F240038FD8E /* Preview Assets.xcassets */,
			);
			path = "Preview Content";
			sourceTree = "<group>";
		};
		02C13FC529660F240038FD8E /* TicTacToeTests */ = {
			isa = PBXGroup;
			children = (
				02C13FC629660F240038FD8E /* TicTacToeTests.swift */,
			);
			path = TicTacToeTests;
			sourceTree = "<group>";
		};
		02C13FCF29660F240038FD8E /* TicTacToeUITests */ = {
			isa = PBXGroup;
			children = (
				02C13FD029660F240038FD8E /* TicTacToeUITests.swift */,
				02C13FD229660F240038FD8E /* TicTacToeUITestsLaunchTests.swift */,
			);
			path = TicTacToeUITests;
			sourceTree = "<group>";
		};
/* End PBXGroup section */

/* Begin PBXNativeTarget section */
		02C13FB029660F230038FD8E /* TicTacToe */ = {
			isa = PBXNativeTarget;
			buildConfigurationList = 02C13FD629660F240038FD8E /* Build configuration list for PBXNativeTarget "TicTacToe" */;
			buildPhases = (
				02C13FAD29660F230038FD8E /* Sources */,
				02C13FAE29660F230038FD8E /* Frameworks */,
				02C13FAF29660F230038FD8E /* Resources */,
			);
			buildRules = (
			);
			dependencies = (
			);
			name = TicTacToe;
			productName = TicTacToe;
			productReference = 02C13FB129660F230038FD8E /* TicTacToe.app */;
			productType = "com.apple.product-type.application";
		};
		02C13FC129660F240038FD8E /* TicTacToeTests */ = {
			isa = PBXNativeTarget;
			buildConfigurationList = 02C13FD929660F240038FD8E /* Build configuration list for PBXNativeTarget "TicTacToeTests" */;
			buildPhases = (
				02C13FBE29660F240038FD8E /* Sources */,
				02C13FBF29660F240038FD8E /* Frameworks */,
				02C13FC029660F240038FD8E /* Resources */,
			);
			buildRules = (
			);
			dependencies = (
				02C13FC429660F240038FD8E /* PBXTargetDependency */,
			);
			name = TicTacToeTests;
			productName = TicTacToeTests;
			productReference = 02C13FC229660F240038FD8E /* TicTacToeTests.xctest */;
			productType = "com.apple.product-type.bundle.unit-test";
		};
		02C13FCB29660F240038FD8E /* TicTacToeUITests */ = {
			isa = PBXNativeTarget;
			buildConfigurationList = 02C13FDC29660F240038FD8E /* Build configuration list for PBXNativeTarget "TicTacToeUITests" */;
			buildPhases = (
				02C13FC829660F240038FD8E /* Sources */,
				02C13FC929660F240038FD8E /* Frameworks */,
				02C13FCA29660F240038FD8E /* Resources */,
			);
			buildRules = (
			);
			dependencies = (
				02C13FCE29660F240038FD8E /* PBXTargetDependency */,
			);
			name = TicTacToeUITests;
			productName = TicTacToeUITests;
			productReference = 02C13FCC29660F240038FD8E /* TicTacToeUITests.xctest */;
			productType = "com.apple.product-type.bundle.ui-testing";
		};
/* End PBXNativeTarget section */

/* Begin PBXProject section */
		02C13FA929660F230038FD8E /* Project object */ = {
			isa = PBXProject;
			attributes = {
				BuildIndependentTargetsInParallel = 1;
				LastSwiftUpdateCheck = 1420;
				LastUpgradeCheck = 1420;
				TargetAttributes = {
					02C13FB029660F230038FD8E = {
						CreatedOnToolsVersion = 14.2;
					};
					02C13FC129660F240038FD8E = {
						CreatedOnToolsVersion = 14.2;
						TestTargetID = 02C13FB029660F230038FD8E;
					};
					02C13FCB29660F240038FD8E = {
						CreatedOnToolsVersion = 14.2;
						TestTargetID = 02C13FB029660F230038FD8E;
					};
				};
			};
			buildConfigurationList = 02C13FAC29660F230038FD8E /* Build configuration list for PBXProject "TicTacToe" */;
			compatibilityVersion = "Xcode 14.0";
			developmentRegion = en;
			hasScannedForEncodings = 0;
			knownRegions = (
				en,
				Base,
			);
			mainGroup = 02C13FA829660F230038FD8E;
			productRefGroup = 02C13FB229660F230038FD8E /* Products */;
			projectDirPath = "";
			projectRoot = "";
			targets = (
				02C13FB029660F230038FD8E /* TicTacToe */,
				02C13FC129660F240038FD8E /* TicTacToeTests */,
				02C13FCB29660F240038FD8E /* TicTacToeUITests */,
			);
		};
/* End PBXProject section */

/* Begin PBXResourcesBuildPhase section */
		02C13FAF29660F230038FD8E /* Resources */ = {
			isa = PBXResourcesBuildPhase;
			buildActionMask = 2147483647;
			files = (
				02C13FBC29660F240038FD8E /* Preview Assets.xcassets in Resources */,
				02C13FB929660F240038FD8E /* Assets.xcassets in Resources */,
			);
			runOnlyForDeploymentPostprocessing = 0;
		};
		02C13FC029660F240038FD8E /* Resources */ = {
			isa = PBXResourcesBuildPhase;
			buildActionMask = 2147483647;
			files = (
			);
			runOnlyForDeploymentPostprocessing = 0;
		};
		02C13FCA29660F240038FD8E /* Resources */ = {
			isa = PBXResourcesBuildPhase;
			buildActionMask = 2147483647;
			files = (
			);
			runOnlyForDeploymentPostprocessing = 0;
		};
/* End PBXResourcesBuildPhase section */

/* Begin PBXSourcesBuildPhase section */
		02C13FAD29660F230038FD8E /* Sources */ = {
			isa = PBXSourcesBuildPhase;
			buildActionMask = 2147483647;
			files = (
				0287857729981919001BE7A8 /* TicTacToeGame.swift in Sources */,
				02C13FE0296611CF0038FD8E /* PlayerScreen.swift in Sources */,
				02C13FB729660F230038FD8E /* HomeScreenView.swift in Sources */,
				02C13FB529660F230038FD8E /* TicTacToeApp.swift in Sources */,
				0287857E29981FCD001BE7A8 /* TicTacToe.swift in Sources */,
				0287857A2998193A001BE7A8 /* Line.swift in Sources */,
				028785812998202E001BE7A8 /* GamePiece.swift in Sources */,
			);
			runOnlyForDeploymentPostprocessing = 0;
		};
		02C13FBE29660F240038FD8E /* Sources */ = {
			isa = PBXSourcesBuildPhase;
			buildActionMask = 2147483647;
			files = (
				02C13FC729660F240038FD8E /* TicTacToeTests.swift in Sources */,
			);
			runOnlyForDeploymentPostprocessing = 0;
		};
		02C13FC829660F240038FD8E /* Sources */ = {
			isa = PBXSourcesBuildPhase;
			buildActionMask = 2147483647;
			files = (
				02C13FD129660F240038FD8E /* TicTacToeUITests.swift in Sources */,
				02C13FD329660F240038FD8E /* TicTacToeUITestsLaunchTests.swift in Sources */,
			);
			runOnlyForDeploymentPostprocessing = 0;
		};
/* End PBXSourcesBuildPhase section */

/* Begin PBXTargetDependency section */
		02C13FC429660F240038FD8E /* PBXTargetDependency */ = {
			isa = PBXTargetDependency;
			target = 02C13FB029660F230038FD8E /* TicTacToe */;
			targetProxy = 02C13FC329660F240038FD8E /* PBXContainerItemProxy */;
		};
		02C13FCE29660F240038FD8E /* PBXTargetDependency */ = {
			isa = PBXTargetDependency;
			target = 02C13FB029660F230038FD8E /* TicTacToe */;
			targetProxy = 02C13FCD29660F240038FD8E /* PBXContainerItemProxy */;
		};
/* End PBXTargetDependency section */

/* Begin XCBuildConfiguration section */
		02C13FD429660F240038FD8E /* Debug */ = {
			isa = XCBuildConfiguration;
			buildSettings = {
				ALWAYS_SEARCH_USER_PATHS = NO;
				CLANG_ANALYZER_NONNULL = YES;
				CLANG_ANALYZER_NUMBER_OBJECT_CONVERSION = YES_AGGRESSIVE;
				CLANG_CXX_LANGUAGE_STANDARD = "gnu++20";
				CLANG_ENABLE_MODULES = YES;
				CLANG_ENABLE_OBJC_ARC = YES;
				CLANG_ENABLE_OBJC_WEAK = YES;
				CLANG_WARN_BLOCK_CAPTURE_AUTORELEASING = YES;
				CLANG_WARN_BOOL_CONVERSION = YES;
				CLANG_WARN_COMMA = YES;
				CLANG_WARN_CONSTANT_CONVERSION = YES;
				CLANG_WARN_DEPRECATED_OBJC_IMPLEMENTATIONS = YES;
				CLANG_WARN_DIRECT_OBJC_ISA_USAGE = YES_ERROR;
				CLANG_WARN_DOCUMENTATION_COMMENTS = YES;
				CLANG_WARN_EMPTY_BODY = YES;
				CLANG_WARN_ENUM_CONVERSION = YES;
				CLANG_WARN_INFINITE_RECURSION = YES;
				CLANG_WARN_INT_CONVERSION = YES;
				CLANG_WARN_NON_LITERAL_NULL_CONVERSION = YES;
				CLANG_WARN_OBJC_IMPLICIT_RETAIN_SELF = YES;
				CLANG_WARN_OBJC_LITERAL_CONVERSION = YES;
				CLANG_WARN_OBJC_ROOT_CLASS = YES_ERROR;
				CLANG_WARN_QUOTED_INCLUDE_IN_FRAMEWORK_HEADER = YES;
				CLANG_WARN_RANGE_LOOP_ANALYSIS = YES;
				CLANG_WARN_STRICT_PROTOTYPES = YES;
				CLANG_WARN_SUSPICIOUS_MOVE = YES;
				CLANG_WARN_UNGUARDED_AVAILABILITY = YES_AGGRESSIVE;
				CLANG_WARN_UNREACHABLE_CODE = YES;
				CLANG_WARN__DUPLICATE_METHOD_MATCH = YES;
				COPY_PHASE_STRIP = NO;
				DEBUG_INFORMATION_FORMAT = dwarf;
				ENABLE_STRICT_OBJC_MSGSEND = YES;
				ENABLE_TESTABILITY = YES;
				GCC_C_LANGUAGE_STANDARD = gnu11;
				GCC_DYNAMIC_NO_PIC = NO;
				GCC_NO_COMMON_BLOCKS = YES;
				GCC_OPTIMIZATION_LEVEL = 0;
				GCC_PREPROCESSOR_DEFINITIONS = (
					"DEBUG=1",
					"$(inherited)",
				);
				GCC_WARN_64_TO_32_BIT_CONVERSION = YES;
				GCC_WARN_ABOUT_RETURN_TYPE = YES_ERROR;
				GCC_WARN_UNDECLARED_SELECTOR = YES;
				GCC_WARN_UNINITIALIZED_AUTOS = YES_AGGRESSIVE;
				GCC_WARN_UNUSED_FUNCTION = YES;
				GCC_WARN_UNUSED_VARIABLE = YES;
				MACOSX_DEPLOYMENT_TARGET = 12.6;
				MTL_ENABLE_DEBUG_INFO = INCLUDE_SOURCE;
				MTL_FAST_MATH = YES;
				ONLY_ACTIVE_ARCH = YES;
				SDKROOT = macosx;
				SWIFT_ACTIVE_COMPILATION_CONDITIONS = DEBUG;
				SWIFT_OPTIMIZATION_LEVEL = "-Onone";
			};
			name = Debug;
		};
		02C13FD529660F240038FD8E /* Release */ = {
			isa = XCBuildConfiguration;
			buildSettings = {
				ALWAYS_SEARCH_USER_PATHS = NO;
				CLANG_ANALYZER_NONNULL = YES;
				CLANG_ANALYZER_NUMBER_OBJECT_CONVERSION = YES_AGGRESSIVE;
				CLANG_CXX_LANGUAGE_STANDARD = "gnu++20";
				CLANG_ENABLE_MODULES = YES;
				CLANG_ENABLE_OBJC_ARC = YES;
				CLANG_ENABLE_OBJC_WEAK = YES;
				CLANG_WARN_BLOCK_CAPTURE_AUTORELEASING = YES;
				CLANG_WARN_BOOL_CONVERSION = YES;
				CLANG_WARN_COMMA = YES;
				CLANG_WARN_CONSTANT_CONVERSION = YES;
				CLANG_WARN_DEPRECATED_OBJC_IMPLEMENTATIONS = YES;
				CLANG_WARN_DIRECT_OBJC_ISA_USAGE = YES_ERROR;
				CLANG_WARN_DOCUMENTATION_COMMENTS = YES;
				CLANG_WARN_EMPTY_BODY = YES;
				CLANG_WARN_ENUM_CONVERSION = YES;
				CLANG_WARN_INFINITE_RECURSION = YES;
				CLANG_WARN_INT_CONVERSION = YES;
				CLANG_WARN_NON_LITERAL_NULL_CONVERSION = YES;
				CLANG_WARN_OBJC_IMPLICIT_RETAIN_SELF = YES;
				CLANG_WARN_OBJC_LITERAL_CONVERSION = YES;
				CLANG_WARN_OBJC_ROOT_CLASS = YES_ERROR;
				CLANG_WARN_QUOTED_INCLUDE_IN_FRAMEWORK_HEADER = YES;
				CLANG_WARN_RANGE_LOOP_ANALYSIS = YES;
				CLANG_WARN_STRICT_PROTOTYPES = YES;
				CLANG_WARN_SUSPICIOUS_MOVE = YES;
				CLANG_WARN_UNGUARDED_AVAILABILITY = YES_AGGRESSIVE;
				CLANG_WARN_UNREACHABLE_CODE = YES;
				CLANG_WARN__DUPLICATE_METHOD_MATCH = YES;
				COPY_PHASE_STRIP = NO;
				DEBUG_INFORMATION_FORMAT = "dwarf-with-dsym";
				ENABLE_NS_ASSERTIONS = NO;
				ENABLE_STRICT_OBJC_MSGSEND = YES;
				GCC_C_LANGUAGE_STANDARD = gnu11;
				GCC_NO_COMMON_BLOCKS = YES;
				GCC_WARN_64_TO_32_BIT_CONVERSION = YES;
				GCC_WARN_ABOUT_RETURN_TYPE = YES_ERROR;
				GCC_WARN_UNDECLARED_SELECTOR = YES;
				GCC_WARN_UNINITIALIZED_AUTOS = YES_AGGRESSIVE;
				GCC_WARN_UNUSED_FUNCTION = YES;
				GCC_WARN_UNUSED_VARIABLE = YES;
				MACOSX_DEPLOYMENT_TARGET = 12.6;
				MTL_ENABLE_DEBUG_INFO = NO;
				MTL_FAST_MATH = YES;
				SDKROOT = macosx;
				SWIFT_COMPILATION_MODE = wholemodule;
				SWIFT_OPTIMIZATION_LEVEL = "-O";
			};
			name = Release;
		};
		02C13FD729660F240038FD8E /* Debug */ = {
			isa = XCBuildConfiguration;
			buildSettings = {
				ASSETCATALOG_COMPILER_APPICON_NAME = AppIcon;
				ASSETCATALOG_COMPILER_GLOBAL_ACCENT_COLOR_NAME = AccentColor;
				CODE_SIGN_ENTITLEMENTS = TicTacToe/TicTacToe.entitlements;
				CODE_SIGN_STYLE = Automatic;
				COMBINE_HIDPI_IMAGES = YES;
				CURRENT_PROJECT_VERSION = 1;
				DEVELOPMENT_ASSET_PATHS = "\"TicTacToe/Preview Content\"";
				ENABLE_PREVIEWS = YES;
				GENERATE_INFOPLIST_FILE = YES;
				INFOPLIST_KEY_NSHumanReadableCopyright = "";
				IPHONEOS_DEPLOYMENT_TARGET = 16.2;
				LD_RUNPATH_SEARCH_PATHS = (
					"$(inherited)",
					"@executable_path/../Frameworks",
				);
				MARKETING_VERSION = 1.0;
				PRODUCT_BUNDLE_IDENTIFIER = LoganPersonalProjects.TicTacToe;
				PRODUCT_NAME = "$(TARGET_NAME)";
				SUPPORTED_PLATFORMS = "iphoneos iphonesimulator";
				SUPPORTS_MACCATALYST = NO;
				SUPPORTS_MAC_DESIGNED_FOR_IPHONE_IPAD = NO;
				SWIFT_EMIT_LOC_STRINGS = YES;
				SWIFT_VERSION = 5.0;
				TARGETED_DEVICE_FAMILY = 1;
			};
			name = Debug;
		};
		02C13FD829660F240038FD8E /* Release */ = {
			isa = XCBuildConfiguration;
			buildSettings = {
				ASSETCATALOG_COMPILER_APPICON_NAME = AppIcon;
				ASSETCATALOG_COMPILER_GLOBAL_ACCENT_COLOR_NAME = AccentColor;
				CODE_SIGN_ENTITLEMENTS = TicTacToe/TicTacToe.entitlements;
				CODE_SIGN_STYLE = Automatic;
				COMBINE_HIDPI_IMAGES = YES;
				CURRENT_PROJECT_VERSION = 1;
				DEVELOPMENT_ASSET_PATHS = "\"TicTacToe/Preview Content\"";
				ENABLE_PREVIEWS = YES;
				GENERATE_INFOPLIST_FILE = YES;
				INFOPLIST_KEY_NSHumanReadableCopyright = "";
				IPHONEOS_DEPLOYMENT_TARGET = 16.2;
				LD_RUNPATH_SEARCH_PATHS = (
					"$(inherited)",
					"@executable_path/../Frameworks",
				);
				MARKETING_VERSION = 1.0;
				PRODUCT_BUNDLE_IDENTIFIER = LoganPersonalProjects.TicTacToe;
				PRODUCT_NAME = "$(TARGET_NAME)";
				SUPPORTED_PLATFORMS = "iphoneos iphonesimulator";
				SUPPORTS_MACCATALYST = NO;
				SUPPORTS_MAC_DESIGNED_FOR_IPHONE_IPAD = NO;
				SWIFT_EMIT_LOC_STRINGS = YES;
				SWIFT_VERSION = 5.0;
				TARGETED_DEVICE_FAMILY = 1;
			};
			name = Release;
		};
		02C13FDA29660F240038FD8E /* Debug */ = {
			isa = XCBuildConfiguration;
			buildSettings = {
				ALWAYS_EMBED_SWIFT_STANDARD_LIBRARIES = YES;
				BUNDLE_LOADER = "$(TEST_HOST)";
				CODE_SIGN_STYLE = Automatic;
				CURRENT_PROJECT_VERSION = 1;
				GENERATE_INFOPLIST_FILE = YES;
				MACOSX_DEPLOYMENT_TARGET = 12.6;
				MARKETING_VERSION = 1.0;
				PRODUCT_BUNDLE_IDENTIFIER = LoganPersonalProjects.TicTacToeTests;
				PRODUCT_NAME = "$(TARGET_NAME)";
				SWIFT_EMIT_LOC_STRINGS = NO;
				SWIFT_VERSION = 5.0;
				TEST_HOST = "$(BUILT_PRODUCTS_DIR)/TicTacToe.app/$(BUNDLE_EXECUTABLE_FOLDER_PATH)/TicTacToe";
			};
			name = Debug;
		};
		02C13FDB29660F240038FD8E /* Release */ = {
			isa = XCBuildConfiguration;
			buildSettings = {
				ALWAYS_EMBED_SWIFT_STANDARD_LIBRARIES = YES;
				BUNDLE_LOADER = "$(TEST_HOST)";
				CODE_SIGN_STYLE = Automatic;
				CURRENT_PROJECT_VERSION = 1;
				GENERATE_INFOPLIST_FILE = YES;
				MACOSX_DEPLOYMENT_TARGET = 12.6;
				MARKETING_VERSION = 1.0;
				PRODUCT_BUNDLE_IDENTIFIER = LoganPersonalProjects.TicTacToeTests;
				PRODUCT_NAME = "$(TARGET_NAME)";
				SWIFT_EMIT_LOC_STRINGS = NO;
				SWIFT_VERSION = 5.0;
				TEST_HOST = "$(BUILT_PRODUCTS_DIR)/TicTacToe.app/$(BUNDLE_EXECUTABLE_FOLDER_PATH)/TicTacToe";
			};
			name = Release;
		};
		02C13FDD29660F240038FD8E /* Debug */ = {
			isa = XCBuildConfiguration;
			buildSettings = {
				ALWAYS_EMBED_SWIFT_STANDARD_LIBRARIES = YES;
				CODE_SIGN_STYLE = Automatic;
				CURRENT_PROJECT_VERSION = 1;
				GENERATE_INFOPLIST_FILE = YES;
				MARKETING_VERSION = 1.0;
				PRODUCT_BUNDLE_IDENTIFIER = LoganPersonalProjects.TicTacToeUITests;
				PRODUCT_NAME = "$(TARGET_NAME)";
				SWIFT_EMIT_LOC_STRINGS = NO;
				SWIFT_VERSION = 5.0;
				TEST_TARGET_NAME = TicTacToe;
			};
			name = Debug;
		};
		02C13FDE29660F240038FD8E /* Release */ = {
			isa = XCBuildConfiguration;
			buildSettings = {
				ALWAYS_EMBED_SWIFT_STANDARD_LIBRARIES = YES;
				CODE_SIGN_STYLE = Automatic;
				CURRENT_PROJECT_VERSION = 1;
				GENERATE_INFOPLIST_FILE = YES;
				MARKETING_VERSION = 1.0;
				PRODUCT_BUNDLE_IDENTIFIER = LoganPersonalProjects.TicTacToeUITests;
				PRODUCT_NAME = "$(TARGET_NAME)";
				SWIFT_EMIT_LOC_STRINGS = NO;
				SWIFT_VERSION = 5.0;
				TEST_TARGET_NAME = TicTacToe;
			};
			name = Release;
		};
/* End XCBuildConfiguration section */

/* Begin XCConfigurationList section */
		02C13FAC29660F230038FD8E /* Build configuration list for PBXProject "TicTacToe" */ = {
			isa = XCConfigurationList;
			buildConfigurations = (
				02C13FD429660F240038FD8E /* Debug */,
				02C13FD529660F240038FD8E /* Release */,
			);
			defaultConfigurationIsVisible = 0;
			defaultConfigurationName = Release;
		};
		02C13FD629660F240038FD8E /* Build configuration list for PBXNativeTarget "TicTacToe" */ = {
			isa = XCConfigurationList;
			buildConfigurations = (
				02C13FD729660F240038FD8E /* Debug */,
				02C13FD829660F240038FD8E /* Release */,
			);
			defaultConfigurationIsVisible = 0;
			defaultConfigurationName = Release;
		};
		02C13FD929660F240038FD8E /* Build configuration list for PBXNativeTarget "TicTacToeTests" */ = {
			isa = XCConfigurationList;
			buildConfigurations = (
				02C13FDA29660F240038FD8E /* Debug */,
				02C13FDB29660F240038FD8E /* Release */,
			);
			defaultConfigurationIsVisible = 0;
			defaultConfigurationName = Release;
		};
		02C13FDC29660F240038FD8E /* Build configuration list for PBXNativeTarget "TicTacToeUITests" */ = {
			isa = XCConfigurationList;
			buildConfigurations = (
				02C13FDD29660F240038FD8E /* Debug */,
				02C13FDE29660F240038FD8E /* Release */,
			);
			defaultConfigurationIsVisible = 0;
			defaultConfigurationName = Release;
		};
/* End XCConfigurationList section */
	};
	rootObject = 02C13FA929660F230038FD8E /* Project object */;
}
